
Microsoft Visual Studio Solution File, Format Version 12.00
# Visual Studio Version 17
VisualStudioVersion = 17.6.33712.159
MinimumVisualStudioVersion = 10.0.40219.1
Project("{FAE04EC0-301F-11D3-BF4B-00C04F79EFBC}") = "MiniDepartmentProject", "MiniDepartmentProject\MiniDepartmentProject.csproj", "{A30D9977-1805-412F-9627-BD2BC576D9CA}"
EndProject
Global
	GlobalSection(SolutionConfigurationPlatforms) = preSolution
		Debug|Any CPU = Debug|Any CPU
		Release|Any CPU = Release|Any CPU
	EndGlobalSection
	GlobalSection(ProjectConfigurationPlatforms) = postSolution
		{A30D9977-1805-412F-9627-BD2BC576D9CA}.Debug|Any CPU.ActiveCfg = Debug|Any CPU
		{A30D9977-1805-412F-9627-BD2BC576D9CA}.Debug|Any CPU.Build.0 = Debug|Any CPU
		{A30D9977-1805-412F-9627-BD2BC576D9CA}.Release|Any CPU.ActiveCfg = Release|Any CPU
		{A30D9977-1805-412F-9627-BD2BC576D9CA}.Release|Any CPU.Build.0 = Release|Any CPU
	EndGlobalSection
	GlobalSection(SolutionProperties) = preSolution
		HideSolutionNode = FALSE
	EndGlobalSection
	GlobalSection(ExtensibilityGlobals) = postSolution
		SolutionGuid = {F1C141CB-0273-45E5-AB55-EDD4CAF156A3}
	EndGlobalSection
EndGlobal
